# THIS IS AN AUTOGENERATED FILE. DO NOT EDIT THIS FILE DIRECTLY.
# yarn lockfile v1


chartkick@^3.2.0:
  version "3.2.0"
  resolved "https://registry.yarnpkg.com/chartkick/-/chartkick-3.2.0.tgz#5296bbadfa6fbb93d3ab0f9c8e5d27649860e806"
  integrity sha512-EkscIyDBdtUJVIuA2kIIjMq+YkNf4jDWr1fYjDUMZ9IakIJFoJ+9Hl+PW/POutElu8iYbebCEHWsrsXu09o4hw==

highcharts@^8.0.0:
  version "8.0.0"
  resolved "https://registry.yarnpkg.com/highcharts/-/highcharts-8.0.0.tgz#fcf77a511d6ea477b9d8447afd9dedbfc85e2727"
  integrity sha512-jRKLiP0i29zKSEgMDASyrfpivrM3e8V8yTv8YUZtRzB2mXR+hsBNHWZw2hNRZVxqq1QCVmW/9Z/BLFvYlJELqA==

jquery-countdown@^2.2.0:
  version "2.2.0"
  resolved "https://registry.yarnpkg.com/jquery-countdown/-/jquery-countdown-2.2.0.tgz#ba78ed5d7cf107b3b1cac9c6ba07997d4aa2dcef"
  integrity sha1-unjtXXzxB7OxysnGugeZfUqi3O8=

jquery@^3.5.1:
  version "3.5.1"
  resolved "https://registry.yarnpkg.com/jquery/-/jquery-3.5.1.tgz#d7b4d08e1bfdb86ad2f1a3d039ea17304717abb5"
  integrity sha512-XwIBPqcMn57FxfT+Go5pzySnm4KWkT1Tv7gjrpT1srtf8Weynl6R273VJ5GjkRb51IzMp5nbaPjJXMWeju2MKg==
